// !$*UTF8*$!
{
	archiveVersion = 1;
	classes = {
	};
	objectVersion = 55;
	objects = {

/* Begin PBXBuildFile section */
		DF35E13A27972447006CFC2E /* drawerTabViewApp.swift in Sources */ = {isa = PBXBuildFile; fileRef = DF35E12A27972445006CFC2E /* drawerTabViewApp.swift */; };
		DF35E13B27972447006CFC2E /* drawerTabViewApp.swift in Sources */ = {isa = PBXBuildFile; fileRef = DF35E12A27972445006CFC2E /* drawerTabViewApp.swift */; };
		DF35E13C27972447006CFC2E /* ContentView.swift in Sources */ = {isa = PBXBuildFile; fileRef = DF35E12B27972445006CFC2E /* ContentView.swift */; };
		DF35E13D27972447006CFC2E /* ContentView.swift in Sources */ = {isa = PBXBuildFile; fileRef = DF35E12B27972445006CFC2E /* ContentView.swift */; };
		DF35E13E27972447006CFC2E /* Assets.xcassets in Resources */ = {isa = PBXBuildFile; fileRef = DF35E12C27972447006CFC2E /* Assets.xcassets */; };
		DF35E13F27972447006CFC2E /* Assets.xcassets in Resources */ = {isa = PBXBuildFile; fileRef = DF35E12C27972447006CFC2E /* Assets.xcassets */; };
		DF84617927974F8E00EC81AC /* AppState.swift in Sources */ = {isa = PBXBuildFile; fileRef = DF84617827974F8E00EC81AC /* AppState.swift */; };
		DF84617A27974F8E00EC81AC /* AppState.swift in Sources */ = {isa = PBXBuildFile; fileRef = DF84617827974F8E00EC81AC /* AppState.swift */; };
/* End PBXBuildFile section */

/* Begin PBXFileReference section */
		DF35E12A27972445006CFC2E /* drawerTabViewApp.swift */ = {isa = PBXFileReference; lastKnownFileType = sourcecode.swift; path = drawerTabViewApp.swift; sourceTree = "<group>"; };
		DF35E12B27972445006CFC2E /* ContentView.swift */ = {isa = PBXFileReference; lastKnownFileType = sourcecode.swift; path = ContentView.swift; sourceTree = "<group>"; };
		DF35E12C27972447006CFC2E /* Assets.xcassets */ = {isa = PBXFileReference; lastKnownFileType = folder.assetcatalog; path = Assets.xcassets; sourceTree = "<group>"; };
		DF35E13127972447006CFC2E /* drawerTabView.app */ = {isa = PBXFileReference; explicitFileType = wrapper.application; includeInIndex = 0; path = drawerTabView.app; sourceTree = BUILT_PRODUCTS_DIR; };
		DF35E13727972447006CFC2E /* drawerTabView.app */ = {isa = PBXFileReference; explicitFileType = wrapper.application; includeInIndex = 0; path = drawerTabView.app; sourceTree = BUILT_PRODUCTS_DIR; };
		DF35E13927972447006CFC2E /* macOS.entitlements */ = {isa = PBXFileReference; lastKnownFileType = text.plist.entitlements; path = macOS.entitlements; sourceTree = "<group>"; };
		DF84617827974F8E00EC81AC /* AppState.swift */ = {isa = PBXFileReference; lastKnownFileType = sourcecode.swift; path = AppState.swift; sourceTree = "<group>"; };
/* End PBXFileReference section */

/* Begin PBXFrameworksBuildPhase section */
		DF35E12E27972447006CFC2E /* Frameworks */ = {
			isa = PBXFrameworksBuildPhase;
			buildActionMask = 2147483647;
			files = (
			);
			runOnlyForDeploymentPostprocessing = 0;
		};
		DF35E13427972447006CFC2E /* Frameworks */ = {
			isa = PBXFrameworksBuildPhase;
			buildActionMask = 2147483647;
			files = (
			);
			runOnlyForDeploymentPostprocessing = 0;
		};
/* End PBXFrameworksBuildPhase section */

/* Begin PBXGroup section */
		DF35E12427972445006CFC2E = {
			isa = PBXGroup;
			children = (
				DF35E12927972445006CFC2E /* Shared */,
				DF35E13827972447006CFC2E /* macOS */,
				DF35E13227972447006CFC2E /* Products */,
			);
			sourceTree = "<group>";
		};
		DF35E12927972445006CFC2E /* Shared */ = {
			isa = PBXGroup;
			children = (
				DF35E12A27972445006CFC2E /* drawerTabViewApp.swift */,
				DF35E12B27972445006CFC2E /* ContentView.swift */,
				DF35E12C27972447006CFC2E /* Assets.xcassets */,
				DF84617827974F8E00EC81AC /* AppState.swift */,
			);
			path = Shared;
			sourceTree = "<group>";
		};
		DF35E13227972447006CFC2E /* Products */ = {
			isa = PBXGroup;
			children = (
				DF35E13127972447006CFC2E /* drawerTabView.app */,
				DF35E13727972447006CFC2E /* drawerTabView.app */,
			);
			name = Products;
			sourceTree = "<group>";
		};
		DF35E13827972447006CFC2E /* macOS */ = {
			isa = PBXGroup;
			children = (
				DF35E13927972447006CFC2E /* macOS.entitlements */,
			);
			path = macOS;
			sourceTree = "<group>";
		};
/* End PBXGroup section */

/* Begin PBXNativeTarget section */
		DF35E13027972447006CFC2E /* drawerTabView (iOS) */ = {
			isa = PBXNativeTarget;
			buildConfigurationList = DF35E14227972447006CFC2E /* Build configuration list for PBXNativeTarget "drawerTabView (iOS)" */;
			buildPhases = (
				DF35E12D27972447006CFC2E /* Sources */,
				DF35E12E27972447006CFC2E /* Frameworks */,
				DF35E12F27972447006CFC2E /* Resources */,
			);
			buildRules = (
			);
			dependencies = (
			);
			name = "drawerTabView (iOS)";
			productName = "drawerTabView (iOS)";
			productReference = DF35E13127972447006CFC2E /* drawerTabView.app */;
			productType = "com.apple.product-type.application";
		};
		DF35E13627972447006CFC2E /* drawerTabView (macOS) */ = {
			isa = PBXNativeTarget;
			buildConfigurationList = DF35E14527972447006CFC2E /* Build configuration list for PBXNativeTarget "drawerTabView (macOS)" */;
			buildPhases = (
				DF35E13327972447006CFC2E /* Sources */,
				DF35E13427972447006CFC2E /* Frameworks */,
				DF35E13527972447006CFC2E /* Resources */,
			);
			buildRules = (
			);
			dependencies = (
			);
			name = "drawerTabView (macOS)";
			productName = "drawerTabView (macOS)";
			productReference = DF35E13727972447006CFC2E /* drawerTabView.app */;
			productType = "com.apple.product-type.application";
		};
/* End PBXNativeTarget section */

/* Begin PBXProject section */
		DF35E12527972445006CFC2E /* Project object */ = {
			isa = PBXProject;
			attributes = {
				BuildIndependentTargetsInParallel = 1;
				LastSwiftUpdateCheck = 1320;
				LastUpgradeCheck = 1320;
				TargetAttributes = {
					DF35E13027972447006CFC2E = {
						CreatedOnToolsVersion = 13.2.1;
					};
					DF35E13627972447006CFC2E = {
						CreatedOnToolsVersion = 13.2.1;
					};
				};
			};
			buildConfigurationList = DF35E12827972445006CFC2E /* Build configuration list for PBXProject "drawerTabView" */;
			compatibilityVersion = "Xcode 13.0";
			developmentRegion = en;
			hasScannedForEncodings = 0;
			knownRegions = (
				en,
				Base,
			);
			mainGroup = DF35E12427972445006CFC2E;
			productRefGroup = DF35E13227972447006CFC2E /* Products */;
			projectDirPath = "";
			projectRoot = "";
			targets = (
				DF35E13027972447006CFC2E /* drawerTabView (iOS) */,
				DF35E13627972447006CFC2E /* drawerTabView (macOS) */,
			);
		};
/* End PBXProject section */

/* Begin PBXResourcesBuildPhase section */
		DF35E12F27972447006CFC2E /* Resources */ = {
			isa = PBXResourcesBuildPhase;
			buildActionMask = 2147483647;
			files = (
				DF35E13E27972447006CFC2E /* Assets.xcassets in Resources */,
			);
			runOnlyForDeploymentPostprocessing = 0;
		};
		DF35E13527972447006CFC2E /* Resources */ = {
			isa = PBXResourcesBuildPhase;
			buildActionMask = 2147483647;
			files = (
				DF35E13F27972447006CFC2E /* Assets.xcassets in Resources */,
			);
			runOnlyForDeploymentPostprocessing = 0;
		};
/* End PBXResourcesBuildPhase section */

/* Begin PBXSourcesBuildPhase section */
		DF35E12D27972447006CFC2E /* Sources */ = {
			isa = PBXSourcesBuildPhase;
			buildActionMask = 2147483647;
			files = (
				DF35E13C27972447006CFC2E /* ContentView.swift in Sources */,
				DF35E13A27972447006CFC2E /* drawerTabViewApp.swift in Sources */,
				DF84617927974F8E00EC81AC /* AppState.swift in Sources */,
			);
			runOnlyForDeploymentPostprocessing = 0;
		};
		DF35E13327972447006CFC2E /* Sources */ = {
			isa = PBXSourcesBuildPhase;
			buildActionMask = 2147483647;
			files = (
				DF35E13D27972447006CFC2E /* ContentView.swift in Sources */,
				DF35E13B27972447006CFC2E /* drawerTabViewApp.swift in Sources */,
				DF84617A27974F8E00EC81AC /* AppState.swift in Sources */,
			);
			runOnlyForDeploymentPostprocessing = 0;
		};
/* End PBXSourcesBuildPhase section */

/* Begin XCBuildConfiguration section */
		DF35E14027972447006CFC2E /* Debug */ = {
			isa = XCBuildConfiguration;
			buildSettings = {
				ALWAYS_SEARCH_USER_PATHS = NO;
				CLANG_ANALYZER_NONNULL = YES;
				CLANG_ANALYZER_NUMBER_OBJECT_CONVERSION = YES_AGGRESSIVE;
				CLANG_CXX_LANGUAGE_STANDARD = "gnu++17";
				CLANG_CXX_LIBRARY = "libc++";
				CLANG_ENABLE_MODULES = YES;
				CLANG_ENABLE_OBJC_ARC = YES;
				CLANG_ENABLE_OBJC_WEAK = YES;
				CLANG_WARN_BLOCK_CAPTURE_AUTORELEASING = YES;
				CLANG_WARN_BOOL_CONVERSION = YES;
				CLANG_WARN_COMMA = YES;
				CLANG_WARN_CONSTANT_CONVERSION = YES;
				CLANG_WARN_DEPRECATED_OBJC_IMPLEMENTATIONS = YES;
				CLANG_WARN_DIRECT_OBJC_ISA_USAGE = YES_ERROR;
				CLANG_WARN_DOCUMENTATION_COMMENTS = YES;
				CLANG_WARN_EMPTY_BODY = YES;
				CLANG_WARN_ENUM_CONVERSION = YES;
				CLANG_WARN_INFINITE_RECURSION = YES;
				CLANG_WARN_INT_CONVERSION = YES;
				CLANG_WARN_NON_LITERAL_NULL_CONVERSION = YES;
				CLANG_WARN_OBJC_IMPLICIT_RETAIN_SELF = YES;
				CLANG_WARN_OBJC_LITERAL_CONVERSION = YES;
				CLANG_WARN_OBJC_ROOT_CLASS = YES_ERROR;
				CLANG_WARN_QUOTED_INCLUDE_IN_FRAMEWORK_HEADER = YES;
				CLANG_WARN_RANGE_LOOP_ANALYSIS = YES;
				CLANG_WARN_STRICT_PROTOTYPES = YES;
				CLANG_WARN_SUSPICIOUS_MOVE = YES;
				CLANG_WARN_UNGUARDED_AVAILABILITY = YES_AGGRESSIVE;
				CLANG_WARN_UNREACHABLE_CODE = YES;
				CLANG_WARN__DUPLICATE_METHOD_MATCH = YES;
				COPY_PHASE_STRIP = NO;
				DEBUG_INFORMATION_FORMAT = dwarf;
				ENABLE_STRICT_OBJC_MSGSEND = YES;
				ENABLE_TESTABILITY = YES;
				GCC_C_LANGUAGE_STANDARD = gnu11;
				GCC_DYNAMIC_NO_PIC = NO;
				GCC_NO_COMMON_BLOCKS = YES;
				GCC_OPTIMIZATION_LEVEL = 0;
				GCC_PREPROCESSOR_DEFINITIONS = (
					"DEBUG=1",
					"$(inherited)",
				);
				GCC_WARN_64_TO_32_BIT_CONVERSION = YES;
				GCC_WARN_ABOUT_RETURN_TYPE = YES_ERROR;
				GCC_WARN_UNDECLARED_SELECTOR = YES;
				GCC_WARN_UNINITIALIZED_AUTOS = YES_AGGRESSIVE;
				GCC_WARN_UNUSED_FUNCTION = YES;
				GCC_WARN_UNUSED_VARIABLE = YES;
				IPHONEOS_DEPLOYMENT_TARGET = 15.1;
				MTL_ENABLE_DEBUG_INFO = INCLUDE_SOURCE;
				MTL_FAST_MATH = YES;
				ONLY_ACTIVE_ARCH = YES;
				SWIFT_ACTIVE_COMPILATION_CONDITIONS = DEBUG;
				SWIFT_OPTIMIZATION_LEVEL = "-Onone";
				TARGETED_DEVICE_FAMILY = 1;
			};
			name = Debug;
		};
		DF35E14127972447006CFC2E /* Release */ = {
			isa = XCBuildConfiguration;
			buildSettings = {
				ALWAYS_SEARCH_USER_PATHS = NO;
				CLANG_ANALYZER_NONNULL = YES;
				CLANG_ANALYZER_NUMBER_OBJECT_CONVERSION = YES_AGGRESSIVE;
				CLANG_CXX_LANGUAGE_STANDARD = "gnu++17";
				CLANG_CXX_LIBRARY = "libc++";
				CLANG_ENABLE_MODULES = YES;
				CLANG_ENABLE_OBJC_ARC = YES;
				CLANG_ENABLE_OBJC_WEAK = YES;
				CLANG_WARN_BLOCK_CAPTURE_AUTORELEASING = YES;
				CLANG_WARN_BOOL_CONVERSION = YES;
				CLANG_WARN_COMMA = YES;
				CLANG_WARN_CONSTANT_CONVERSION = YES;
				CLANG_WARN_DEPRECATED_OBJC_IMPLEMENTATIONS = YES;
				CLANG_WARN_DIRECT_OBJC_ISA_USAGE = YES_ERROR;
				CLANG_WARN_DOCUMENTATION_COMMENTS = YES;
				CLANG_WARN_EMPTY_BODY = YES;
				CLANG_WARN_ENUM_CONVERSION = YES;
				CLANG_WARN_INFINITE_RECURSION = YES;
				CLANG_WARN_INT_CONVERSION = YES;
				CLANG_WARN_NON_LITERAL_NULL_CONVERSION = YES;
				CLANG_WARN_OBJC_IMPLICIT_RETAIN_SELF = YES;
				CLANG_WARN_OBJC_LITERAL_CONVERSION = YES;
				CLANG_WARN_OBJC_ROOT_CLASS = YES_ERROR;
				CLANG_WARN_QUOTED_INCLUDE_IN_FRAMEWORK_HEADER = YES;
				CLANG_WARN_RANGE_LOOP_ANALYSIS = YES;
				CLANG_WARN_STRICT_PROTOTYPES = YES;
				CLANG_WARN_SUSPICIOUS_MOVE = YES;
				CLANG_WARN_UNGUARDED_AVAILABILITY = YES_AGGRESSIVE;
				CLANG_WARN_UNREACHABLE_CODE = YES;
				CLANG_WARN__DUPLICATE_METHOD_MATCH = YES;
				COPY_PHASE_STRIP = NO;
				DEBUG_INFORMATION_FORMAT = "dwarf-with-dsym";
				ENABLE_NS_ASSERTIONS = NO;
				ENABLE_STRICT_OBJC_MSGSEND = YES;
				GCC_C_LANGUAGE_STANDARD = gnu11;
				GCC_NO_COMMON_BLOCKS = YES;
				GCC_WARN_64_TO_32_BIT_CONVERSION = YES;
				GCC_WARN_ABOUT_RETURN_TYPE = YES_ERROR;
				GCC_WARN_UNDECLARED_SELECTOR = YES;
				GCC_WARN_UNINITIALIZED_AUTOS = YES_AGGRESSIVE;
				GCC_WARN_UNUSED_FUNCTION = YES;
				GCC_WARN_UNUSED_VARIABLE = YES;
				IPHONEOS_DEPLOYMENT_TARGET = 15.1;
				MTL_ENABLE_DEBUG_INFO = NO;
				MTL_FAST_MATH = YES;
				SWIFT_COMPILATION_MODE = wholemodule;
				SWIFT_OPTIMIZATION_LEVEL = "-O";
				TARGETED_DEVICE_FAMILY = 1;
			};
			name = Release;
		};
		DF35E14327972447006CFC2E /* Debug */ = {
			isa = XCBuildConfiguration;
			buildSettings = {
				ASSETCATALOG_COMPILER_APPICON_NAME = AppIcon;
				ASSETCATALOG_COMPILER_GLOBAL_ACCENT_COLOR_NAME = AccentColor;
				CODE_SIGN_STYLE = Automatic;
				CURRENT_PROJECT_VERSION = 1;
				DEVELOPMENT_TEAM = 7LY5WDD8ES;
				ENABLE_PREVIEWS = YES;
				GENERATE_INFOPLIST_FILE = YES;
				INFOPLIST_KEY_UIApplicationSceneManifest_Generation = YES;
				INFOPLIST_KEY_UIApplicationSupportsIndirectInputEvents = YES;
				INFOPLIST_KEY_UILaunchScreen_Generation = YES;
				INFOPLIST_KEY_UISupportedInterfaceOrientations_iPad = "UIInterfaceOrientationPortrait UIInterfaceOrientationPortraitUpsideDown UIInterfaceOrientationLandscapeLeft UIInterfaceOrientationLandscapeRight";
				INFOPLIST_KEY_UISupportedInterfaceOrientations_iPhone = "UIInterfaceOrientationPortrait UIInterfaceOrientationLandscapeLeft UIInterfaceOrientationLandscapeRight";
				IPHONEOS_DEPLOYMENT_TARGET = 15.1;
				LD_RUNPATH_SEARCH_PATHS = (
					"$(inherited)",
					"@executable_path/Frameworks",
				);
				MARKETING_VERSION = 1.0;
				PRODUCT_BUNDLE_IDENTIFIER = chanjung.drawerTabView;
				PRODUCT_NAME = drawerTabView;
				SDKROOT = iphoneos;
				SWIFT_EMIT_LOC_STRINGS = YES;
				SWIFT_VERSION = 5.0;
				TARGETED_DEVICE_FAMILY = "1,2";
			};
			name = Debug;
		};
		DF35E14427972447006CFC2E /* Release */ = {
			isa = XCBuildConfiguration;
			buildSettings = {
				ASSETCATALOG_COMPILER_APPICON_NAME = AppIcon;
				ASSETCATALOG_COMPILER_GLOBAL_ACCENT_COLOR_NAME = AccentColor;
				CODE_SIGN_STYLE = Automatic;
				CURRENT_PROJECT_VERSION = 1;
				DEVELOPMENT_TEAM = 7LY5WDD8ES;
				ENABLE_PREVIEWS = YES;
				GENERATE_INFOPLIST_FILE = YES;
				INFOPLIST_KEY_UIApplicationSceneManifest_Generation = YES;
				INFOPLIST_KEY_UIApplicationSupportsIndirectInputEvents = YES;
				INFOPLIST_KEY_UILaunchScreen_Generation = YES;
				INFOPLIST_KEY_UISupportedInterfaceOrientations_iPad = "UIInterfaceOrientationPortrait UIInterfaceOrientationPortraitUpsideDown UIInterfaceOrientationLandscapeLeft UIInterfaceOrientationLandscapeRight";
				INFOPLIST_KEY_UISupportedInterfaceOrientations_iPhone = "UIInterfaceOrientationPortrait UIInterfaceOrientationLandscapeLeft UIInterfaceOrientationLandscapeRight";
				IPHONEOS_DEPLOYMENT_TARGET = 15.1;
				LD_RUNPATH_SEARCH_PATHS = (
					"$(inherited)",
					"@executable_path/Frameworks",
				);
				MARKETING_VERSION = 1.0;
				PRODUCT_BUNDLE_IDENTIFIER = chanjung.drawerTabView;
				PRODUCT_NAME = drawerTabView;
				SDKROOT = iphoneos;
				SWIFT_EMIT_LOC_STRINGS = YES;
				SWIFT_VERSION = 5.0;
				TARGETED_DEVICE_FAMILY = "1,2";
				VALIDATE_PRODUCT = YES;
			};
			name = Release;
		};
		DF35E14627972447006CFC2E /* Debug */ = {
			isa = XCBuildConfiguration;
			buildSettings = {
				ASSETCATALOG_COMPILER_APPICON_NAME = AppIcon;
				ASSETCATALOG_COMPILER_GLOBAL_ACCENT_COLOR_NAME = AccentColor;
				CODE_SIGN_ENTITLEMENTS = macOS/macOS.entitlements;
				CODE_SIGN_STYLE = Automatic;
				COMBINE_HIDPI_IMAGES = YES;
				CURRENT_PROJECT_VERSION = 1;
				DEVELOPMENT_TEAM = 7LY5WDD8ES;
				ENABLE_HARDENED_RUNTIME = YES;
				ENABLE_PREVIEWS = YES;
				GENERATE_INFOPLIST_FILE = YES;
				INFOPLIST_KEY_NSHumanReadableCopyright = "";
				LD_RUNPATH_SEARCH_PATHS = (
					"$(inherited)",
					"@executable_path/../Frameworks",
				);
				MACOSX_DEPLOYMENT_TARGET = 12.1;
				MARKETING_VERSION = 1.0;
				PRODUCT_BUNDLE_IDENTIFIER = chanjung.drawerTabView;
				PRODUCT_NAME = drawerTabView;
				SDKROOT = macosx;
				SWIFT_EMIT_LOC_STRINGS = YES;
				SWIFT_VERSION = 5.0;
			};
			name = Debug;
		};
		DF35E14727972447006CFC2E /* Release */ = {
			isa = XCBuildConfiguration;
			buildSettings = {
				ASSETCATALOG_COMPILER_APPICON_NAME = AppIcon;
				ASSETCATALOG_COMPILER_GLOBAL_ACCENT_COLOR_NAME = AccentColor;
				CODE_SIGN_ENTITLEMENTS = macOS/macOS.entitlements;
				CODE_SIGN_STYLE = Automatic;
				COMBINE_HIDPI_IMAGES = YES;
				CURRENT_PROJECT_VERSION = 1;
				DEVELOPMENT_TEAM = 7LY5WDD8ES;
				ENABLE_HARDENED_RUNTIME = YES;
				ENABLE_PREVIEWS = YES;
				GENERATE_INFOPLIST_FILE = YES;
				INFOPLIST_KEY_NSHumanReadableCopyright = "";
				LD_RUNPATH_SEARCH_PATHS = (
					"$(inherited)",
					"@executable_path/../Frameworks",
				);
				MACOSX_DEPLOYMENT_TARGET = 12.1;
				MARKETING_VERSION = 1.0;
				PRODUCT_BUNDLE_IDENTIFIER = chanjung.drawerTabView;
				PRODUCT_NAME = drawerTabView;
				SDKROOT = macosx;
				SWIFT_EMIT_LOC_STRINGS = YES;
				SWIFT_VERSION = 5.0;
			};
			name = Release;
		};
/* End XCBuildConfiguration section */

/* Begin XCConfigurationList section */
		DF35E12827972445006CFC2E /* Build configuration list for PBXProject "drawerTabView" */ = {
			isa = XCConfigurationList;
			buildConfigurations = (
				DF35E14027972447006CFC2E /* Debug */,
				DF35E14127972447006CFC2E /* Release */,
			);
			defaultConfigurationIsVisible = 0;
			defaultConfigurationName = Release;
		};
		DF35E14227972447006CFC2E /* Build configuration list for PBXNativeTarget "drawerTabView (iOS)" */ = {
			isa = XCConfigurationList;
			buildConfigurations = (
				DF35E14327972447006CFC2E /* Debug */,
				DF35E14427972447006CFC2E /* Release */,
			);
			defaultConfigurationIsVisible = 0;
			defaultConfigurationName = Release;
		};
		DF35E14527972447006CFC2E /* Build configuration list for PBXNativeTarget "drawerTabView (macOS)" */ = {
			isa = XCConfigurationList;
			buildConfigurations = (
				DF35E14627972447006CFC2E /* Debug */,
				DF35E14727972447006CFC2E /* Release */,
			);
			defaultConfigurationIsVisible = 0;
			defaultConfigurationName = Release;
		};
/* End XCConfigurationList section */
	};
	rootObject = DF35E12527972445006CFC2E /* Project object */;
}
